<?xml version="1.0" encoding="utf-8"?>
<Project ToolsVersion="4.0" xmlns="http://schemas.microsoft.com/developer/msbuild/2003">
  <ItemGroup>
    <ClCompile Include="..\Project_CS162\content\function_class.cpp">
      <Filter>Source Files</Filter>
    </ClCompile>
    <ClCompile Include="..\Project_CS162\content\function_course.cpp">
      <Filter>Source Files</Filter>
    </ClCompile>
    <ClCompile Include="..\Project_CS162\content\function_login.cpp">
      <Filter>Source Files</Filter>
    </ClCompile>
    <ClCompile Include="..\Project_CS162\content\function_result.cpp">
      <Filter>Source Files</Filter>
    </ClCompile>
    <ClCompile Include="..\Project_CS162\content\function_semester.cpp">
      <Filter>Source Files</Filter>
    </ClCompile>
    <ClCompile Include="..\Project_CS162\content\function_student.cpp">
      <Filter>Source Files</Filter>
    </ClCompile>
    <ClCompile Include="..\Project_CS162\content\function_year.cpp">
      <Filter>Source Files</Filter>
    </ClCompile>
    <ClCompile Include="..\Project_CS162\main.cpp">
      <Filter>Source Files</Filter>
    </ClCompile>
    <ClCompile Include="..\Project_CS162\view\page_staff.cpp">
      <Filter>Source Files</Filter>
    </ClCompile>
    <ClCompile Include="..\Project_CS162\view\page_student.cpp">
      <Filter>Source Files</Filter>
    </ClCompile>
    <ClCompile Include="..\Project_CS162\view\view_support.cpp">
      <Filter>Source Files</Filter>
    </ClCompile>
  </ItemGroup>
  <ItemGroup>
    <ClInclude Include="..\Project_CS162\include\function.h">
      <Filter>Header Files</Filter>
    </ClInclude>
    <ClInclude Include="..\Project_CS162\include\struct_and_library.h">
      <Filter>Header Files</Filter>
    </ClInclude>
    <ClInclude Include="..\Project_CS162\include\view_function.h">
      <Filter>Header Files</Filter>
    </ClInclude>
  </ItemGroup>
  <ItemGroup>
    <None Include="..\Project_CS162\.gitignore" />
    <None Include="..\Project_CS162\import\24APCS1_student.csv">
      <Filter>Resource Files</Filter>
    </None>
    <None Include="import\24CLC3_student.csv">
      <Filter>Resource Files</Filter>
    </None>
    <None Include="..\Project_CS162\import\24HOH4_student.csv">
      <Filter>Resource Files</Filter>
    </None>
    <None Include="..\Project_CS162\database\class_list.csv">
      <Filter>Resource Files</Filter>
    </None>
    <None Include="..\Project_CS162\import\new_class.csv">
      <Filter>Resource Files</Filter>
    </None>
    <None Include="..\Project_CS162\import\new_courses.csv">
      <Filter>Resource Files</Filter>
    </None>
    <None Include="..\Project_CS162\README.md">
      <Filter>Resource Files</Filter>
    </None>
    <None Include="..\Project_CS162\database\results_list.csv">
      <Filter>Resource Files</Filter>
    </None>
    <None Include="..\Project_CS162\database\staff_list.csv">
      <Filter>Resource Files</Filter>
    </None>
    <None Include="..\Project_CS162\database\year_list.csv">
      <Filter>Resource Files</Filter>
    </None>
  </ItemGroup>
  <ItemGroup>
    <Filter Include="Resource Files">
      <UniqueIdentifier>{6b84843e-8724-4fef-8973-d07f90733372}</UniqueIdentifier>
    </Filter>
    <Filter Include="Source Files">
      <UniqueIdentifier>{89e837d3-80a2-40e6-ab61-d77d87a06cbd}</UniqueIdentifier>
    </Filter>
    <Filter Include="Header Files">
      <UniqueIdentifier>{90a9af71-3379-4ad8-9092-cbe7e6ceacf1}</UniqueIdentifier>
    </Filter>
  </ItemGroup>
</Project>